
Microsoft Visual Studio Solution File, Format Version 12.00
# Visual Studio 14
VisualStudioVersion = 14.0.25420.1
MinimumVisualStudioVersion = 10.0.40219.1
Project("{2150E333-8FDC-42A3-9474-1A3956D46DE8}") = "src", "src", "{75C104B1-D792-4433-BC2E-598F3F5C0584}"
EndProject
Project("{2150E333-8FDC-42A3-9474-1A3956D46DE8}") = "Solution Items", "Solution Items", "{FF83DE93-CBA3-4E85-8BFD-EA810C34B513}"
	ProjectSection(SolutionItems) = preProject
		appveyor.yml = appveyor.yml
		Build.ps1 = Build.ps1
		global.json = global.json
		NuGet.Config = NuGet.Config
		README.md = README.md
	EndProjectSection
EndProject
Project("{2150E333-8FDC-42A3-9474-1A3956D46DE8}") = "test", "test", "{D9F8F691-DCFC-4BFD-A89F-DD0032004813}"
EndProject
Project("{8BB2217D-0F2D-49D1-97BC-3654ED321F3B}") = "PhilosophicalMonkey", "src\PhilosophicalMonkey\PhilosophicalMonkey.xproj", "{82B16EBE-34CD-4B13-B151-8EF6ADD23F6D}"
EndProject
Project("{8BB2217D-0F2D-49D1-97BC-3654ED321F3B}") = "PhilosophicalMonkey.Tests", "test\PhilosophicalMonkey.Tests\PhilosophicalMonkey.Tests.xproj", "{837A579D-29B5-485A-8320-55BB1039E6B7}"
EndProject
Project("{8BB2217D-0F2D-49D1-97BC-3654ED321F3B}") = "TestModels", "test\TestModels\TestModels.xproj", "{48AC5063-7F44-4DC3-8A12-67AEEBB6BF04}"
EndProject
Global
	GlobalSection(SolutionConfigurationPlatforms) = preSolution
		Debug|Any CPU = Debug|Any CPU
		Release|Any CPU = Release|Any CPU
	EndGlobalSection
	GlobalSection(ProjectConfigurationPlatforms) = postSolution
		{82B16EBE-34CD-4B13-B151-8EF6ADD23F6D}.Debug|Any CPU.ActiveCfg = Debug|Any CPU
		{82B16EBE-34CD-4B13-B151-8EF6ADD23F6D}.Debug|Any CPU.Build.0 = Debug|Any CPU
		{82B16EBE-34CD-4B13-B151-8EF6ADD23F6D}.Release|Any CPU.ActiveCfg = Release|Any CPU
		{82B16EBE-34CD-4B13-B151-8EF6ADD23F6D}.Release|Any CPU.Build.0 = Release|Any CPU
		{837A579D-29B5-485A-8320-55BB1039E6B7}.Debug|Any CPU.ActiveCfg = Debug|Any CPU
		{837A579D-29B5-485A-8320-55BB1039E6B7}.Debug|Any CPU.Build.0 = Debug|Any CPU
		{837A579D-29B5-485A-8320-55BB1039E6B7}.Release|Any CPU.ActiveCfg = Release|Any CPU
		{837A579D-29B5-485A-8320-55BB1039E6B7}.Release|Any CPU.Build.0 = Release|Any CPU
		{48AC5063-7F44-4DC3-8A12-67AEEBB6BF04}.Debug|Any CPU.ActiveCfg = Debug|Any CPU
		{48AC5063-7F44-4DC3-8A12-67AEEBB6BF04}.Debug|Any CPU.Build.0 = Debug|Any CPU
		{48AC5063-7F44-4DC3-8A12-67AEEBB6BF04}.Release|Any CPU.ActiveCfg = Release|Any CPU
		{48AC5063-7F44-4DC3-8A12-67AEEBB6BF04}.Release|Any CPU.Build.0 = Release|Any CPU
	EndGlobalSection
	GlobalSection(SolutionProperties) = preSolution
		HideSolutionNode = FALSE
	EndGlobalSection
	GlobalSection(NestedProjects) = preSolution
		{82B16EBE-34CD-4B13-B151-8EF6ADD23F6D} = {75C104B1-D792-4433-BC2E-598F3F5C0584}
		{837A579D-29B5-485A-8320-55BB1039E6B7} = {D9F8F691-DCFC-4BFD-A89F-DD0032004813}
		{48AC5063-7F44-4DC3-8A12-67AEEBB6BF04} = {D9F8F691-DCFC-4BFD-A89F-DD0032004813}
	EndGlobalSection
EndGlobal
